{
    "_readme": [
        "This file locks the dependencies of your project to a known state",
        "Read more about it at https://getcomposer.org/doc/01-basic-usage.md#installing-dependencies",
        "This file is @generated automatically"
    ],
    "content-hash": "3a2808a22dc6b4550d41e9996a521969",
    "packages": [],
    "packages-dev": [
        {
            "name": "ajaxray/ansikit",
            "version": "v0.3.1",
            "source": {
                "type": "git",
                "url": "https://github.com/ajaxray/AnsiKit.git",
                "reference": "b318313e879a248bf0fe77c792a3a03f232484f0"
            },
            "dist": {
                "type": "zip",
                "url": "https://api.github.com/repos/ajaxray/AnsiKit/zipball/b318313e879a248bf0fe77c792a3a03f232484f0",
                "reference": "b318313e879a248bf0fe77c792a3a03f232484f0",
                "shasum": ""
            },
            "require": {
                "php": ">=8.2"
            },
            "require-dev": {
                "phpunit/phpunit": "^11.0"
            },
            "type": "library",
            "autoload": {
                "psr-4": {
                    "Ajaxray\\AnsiKit\\": "src/"
                }
            },
            "notification-url": "https://packagist.org/downloads/",
            "license": [
                "MIT"
            ],
            "authors": [
                {
                    "name": "Anis Uddin Ahmad",
                    "email": "anis.programmer@gmail.com"
                }
            ],
            "description": "Tiny ANSI escape helper for terminal UIs (text styles, foreground & background colors, cursor positions, clearing) with table, progressbar, and more helpers.",
            "support": {
                "issues": "https://github.com/ajaxray/AnsiKit/issues",
                "source": "https://github.com/ajaxray/AnsiKit/tree/v0.3.1"
            },
            "time": "2025-09-22T13:57:26+00:00"
        },
        {
            "name": "league/climate",
            "version": "3.12.0",
            "source": {
                "type": "git",
                "url": "https://github.com/thephpleague/climate.git",
                "reference": "653297fb93b4702f3c02ca9dd662f123208f765c"
            },
            "dist": {
                "type": "zip",
                "url": "https://api.github.com/repos/thephpleague/climate/zipball/653297fb93b4702f3c02ca9dd662f123208f765c",
                "reference": "653297fb93b4702f3c02ca9dd662f123208f765c",
                "shasum": ""
            },
            "require": {
                "php": "^7.3 || ^8.0",
                "psr/log": "^1.0 || ^2.0 || ^3.0",
                "seld/cli-prompt": "^1.0"
            },
            "require-dev": {
                "mikey179/vfsstream": "^1.6.12",
                "mockery/mockery": "^1.6.12",
                "phpunit/phpunit": "^9.6.21",
                "squizlabs/php_codesniffer": "^4.0"
            },
            "suggest": {
                "ext-mbstring": "If ext-mbstring is not available you MUST install symfony/polyfill-mbstring"
            },
            "type": "library",
            "autoload": {
                "psr-4": {
                    "League\\CLImate\\": "src/"
                }
            },
            "notification-url": "https://packagist.org/downloads/",
            "license": [
                "MIT"
            ],
            "authors": [
                {
                    "name": "Joe Tannenbaum",
                    "email": "hey@joe.codes",
                    "homepage": "http://joe.codes/",
                    "role": "Developer"
                },
                {
                    "name": "Craig Duncan",
                    "email": "git@duncanc.co.uk",
                    "homepage": "https://github.com/duncan3dc",
                    "role": "Developer"
                }
            ],
            "description": "PHP's best friend for the terminal. CLImate allows you to easily output colored text, special formats, and more.",
            "keywords": [
                "cli",
                "colors",
                "command",
                "php",
                "terminal"
            ],
            "support": {
                "issues": "https://github.com/thephpleague/climate/issues",
                "source": "https://github.com/thephpleague/climate/tree/3.12.0"
            },
            "time": "2026-08-27T08:24:22+00:00"
        },
        {
            "name": "marcj/topsort",
            "version": "2.0.0",
            "source": {
                "type": "git",
                "url": "https://github.com/marcj/topsort.php.git",
                "reference": "972f58e42b5f110a0a1d8433247f65248abcfd5c"
            },
            "dist": {
                "type": "zip",
                "url": "https://api.github.com/repos/marcj/topsort.php/zipball/972f58e42b5f110a0a1d8433247f65248abcfd5c",
                "reference": "972f58e42b5f110a0a1d8433247f65248abcfd5c",
                "shasum": ""
            },
            "require": {
                "php": ">=7.3"
            },
            "require-dev": {
                "codeclimate/php-test-reporter": "dev-master",
                "phpunit/phpunit": "^9",
                "symfony/console": "~2.5 || ~3.0 || ~4.0"
            },
            "type": "library",
            "extra": {
                "branch-alias": {
                    "dev-master": "2.x-dev"
                }
            },
            "autoload": {
                "psr-4": {
                    "MJS\\TopSort\\": "src/",
                    "MJS\\TopSort\\Tests\\": "tests/Tests/"
                }
            },
            "notification-url": "https://packagist.org/downloads/",
            "license": [
                "MIT"
            ],
            "authors": [
                {
                    "name": "Marc J. Schmidt",
                    "email": "marc@marcjschmidt.de"
                }
            ],
            "description": "High-Performance TopSort/Dependency resolving algorithm",
            "keywords": [
                "dependency resolving",
                "topological sort",
                "topsort"
            ],
            "support": {
                "issues": "https://github.com/marcj/topsort.php/issues",
                "source": "https://github.com/marcj/topsort.php/tree/2.0.0"
            },
            "funding": [
                {
                    "url": "https://github.com/marcj",
                    "type": "github"
                }
            ],
            "time": "2020-09-24T12:39:55+00:00"
        },
        {
            "name": "nikic/php-parser",
            "version": "v5.9.0",
            "source": {
                "type": "git",
                "url": "https://github.com/nikic/PHP-Parser.git",
                "reference": "9e33da9553fe7786f0962b35f4e4ecf01be89def"
            },
            "dist": {
                "type": "zip",
                "url": "https://api.github.com/repos/nikic/PHP-Parser/zipball/9e33da9553fe7786f0962b35f4e4ecf01be89def",
                "reference": "9e33da9553fe7786f0962b35f4e4ecf01be89def",
                "shasum": ""
            },
            "require": {
                "ext-json": "*",
                "ext-tokenizer": "*",
                "php": ">=7.4"
            },
            "require-dev": {
                "ircmaxell/php-yacc": "^0.0.7",
                "phpunit/phpunit": "^9.0"
            },
            "bin": [
                "bin/php-parse"
            ],
            "type": "library",
            "extra": {
                "branch-alias": {
                    "dev-master": "5.x-dev"
                }
            },
            "autoload": {
                "psr-4": {
                    "PhpParser\\": "lib/PhpParser"
                }
            },
            "notification-url": "https://packagist.org/downloads/",
            "license": [
                "BSD-3-Clause"
            ],
            "authors": [
                {
                    "name": "Nikita Popov"
                }
            ],
            "description": "A PHP parser written in PHP",
            "keywords": [
                "parser",
                "php"
            ],
            "support": {
                "issues": "https://github.com/nikic/PHP-Parser/issues",
                "source": "https://github.com/nikic/PHP-Parser/tree/v5.9.0"
            },
            "time": "2026-09-13T18:51:52+00:00"
        },
        {
            "name": "psr/log",
            "version": "3.0.2",
            "source": {
                "type": "git",
                "url": "https://github.com/php-fig/log.git",
                "reference": "f16e1d5863e37f8d8c2a01719f5b34baa2b714d3"
            },
            "dist": {
                "type": "zip",
                "url": "https://api.github.com/repos/php-fig/log/zipball/f16e1d5863e37f8d8c2a01719f5b34baa2b714d3",
                "reference": "f16e1d5863e37f8d8c2a01719f5b34baa2b714d3",
                "shasum": ""
            },
            "require": {
                "php": ">=8.0.0"
            },
            "type": "library",
            "extra": {
                "branch-alias": {
                    "dev-master": "3.x-dev"
                }
            },
            "autoload": {
                "psr-4": {
                    "Psr\\Log\\": "src"
                }
            },
            "notification-url": "https://packagist.org/downloads/",
            "license": [
                "MIT"
            ],
            "authors": [
                {
                    "name": "PHP-FIG",
                    "homepage": "https://www.php-fig.org/"
                }
            ],
            "description": "Common interface for logging libraries",
            "homepage": "https://github.com/php-fig/log",
            "keywords": [
                "log",
                "psr",
                "psr-3"
            ],
            "support": {
                "source": "https://github.com/php-fig/log/tree/3.0.2"
            },
            "time": "2024-09-11T13:17:53+00:00"
        },
        {
            "name": "seld/cli-prompt",
            "version": "1.0.4",
            "source": {
                "type": "git",
                "url": "https://github.com/Seldaek/cli-prompt.git",
                "reference": "b8dfcf02094b8c03b40322c229493bb2884423c5"
            },
            "dist": {
                "type": "zip",
                "url": "https://api.github.com/repos/Seldaek/cli-prompt/zipball/b8dfcf02094b8c03b40322c229493bb2884423c5",
                "reference": "b8dfcf02094b8c03b40322c229493bb2884423c5",
                "shasum": ""
            },
            "require": {
                "php": ">=5.3"
            },
            "require-dev": {
                "phpstan/phpstan": "^0.12.63"
            },
            "type": "library",
            "extra": {
                "branch-alias": {
                    "dev-master": "1.x-dev"
                }
            },
            "autoload": {
                "psr-4": {
                    "Seld\\CliPrompt\\": "src/"
                }
            },
            "notification-url": "https://packagist.org/downloads/",
            "license": [
                "MIT"
            ],
            "authors": [
                {
                    "name": "Jordi Boggiano",
                    "email": "j.boggiano@seld.be"
                }
            ],
            "description": "Allows you to prompt for user input on the command line, and optionally hide the characters they type",
            "keywords": [
                "cli",
                "console",
                "hidden",
                "input",
                "prompt"
            ],
            "support": {
                "issues": "https://github.com/Seldaek/cli-prompt/issues",
                "source": "https://github.com/Seldaek/cli-prompt/tree/1.0.4"
            },
            "time": "2020-12-15T21:32:01+00:00"
        },
        {
            "name": "swoole/phpx",
            "version": "v2.9.2",
            "source": {
                "type": "git",
                "url": "https://github.com/swoole/phpx.git",
                "reference": "0dfa613d2057dcd4aa319ec9b6816f68df2403e4"
            },
            "dist": {
                "type": "zip",
                "url": "https://api.github.com/repos/swoole/phpx/zipball/0dfa613d2057dcd4aa319ec9b6816f68df2403e4",
                "reference": "0dfa613d2057dcd4aa319ec9b6816f68df2403e4",
                "shasum": ""
            },
            "require": {
                "php": ">=8.4 <8.6"
            },
            "require-dev": {
                "friendsofphp/php-cs-fixer": "^3.75",
                "phpunit/phpunit": "^10.0"
            },
            "bin": [
                "bin/phpx"
            ],
            "type": "library",
            "extra": {
                "branch-alias": {
                    "dev-main": "2.8.x-dev",
                    "dev-master": "2.8.x-dev"
                },
                "typephp-native": {
                    "abi": 80600,
                    "kind": "bridge",
                    "sources": [
                        "src/core/array.cc",
                        "src/core/base.cc",
                        "src/core/big_float_nano.cc",
                        "src/core/big_int_nano.cc",
                        "src/core/class.cc",
                        "src/core/closure.cc",
                        "src/core/decimal_nano.cc",
                        "src/core/debug.cc",
                        "src/core/foreach_iterator.cc",
                        "src/core/native_gc.cc",
                        "src/core/object.cc",
                        "src/core/scope.cc",
                        "src/core/string.cc",
                        "src/core/type_check.cc",
                        "src/core/variant.cc",
                        "src/std/core.cc",
                        "src/std/array.cc",
                        "src/std/datetime.cc",
                        "src/std/fs.cc",
                        "src/std/hash.cc",
                        "src/std/math.cc",
                        "src/std/misc.cc",
                        "src/std/string.cc",
                        "src/typephp/typephp_attribute.cc",
                        "src/typephp/typephp_call.cc",
                        "src/typephp/typephp_nano.cc",
                        "src/typephp/typephp_main_nano.cc",
                        "src/typephp/typephp_property.cc",
                        "src/typephp/typephp_trait.cc",
                        "thirdparty/wren-gc/src/wren_gc.c"
                    ],
                    "c-standard": 11,
                    "components": {
                        "date": {
                            "sources": [
                                "src/std/datetime.cc"
                            ],
                            "extension": "date"
                        },
                        "bcmath": {
                            "sources": [
                                "src/core/big_float_nano.cc",
                                "src/core/big_int_nano.cc",
                                "src/core/decimal_nano.cc"
                            ],
                            "extension": "bcmath"
                        },
                        "standard.core": {
                            "sources": [
                                "src/std/core.cc"
                            ],
                            "extension": "standard"
                        },
                        "standard.hash": {
                            "sources": [
                                "src/std/hash.cc"
                            ],
                            "requires": [
                                "standard.core"
                            ],
                            "extension": "standard"
                        },
                        "standard.math": {
                            "sources": [
                                "src/std/math.cc"
                            ],
                            "requires": [
                                "standard.core"
                            ],
                            "extension": "standard"
                        },
                        "standard.misc": {
                            "sources": [
                                "src/std/misc.cc"
                            ],
                            "requires": [
                                "standard.core"
                            ],
                            "extension": "standard"
                        },
                        "standard.array": {
                            "sources": [
                                "src/std/array.cc"
                            ],
                            "requires": [
                                "standard.core"
                            ],
                            "extension": "standard"
                        },
                        "standard.string": {
                            "sources": [
                                "src/std/string.cc"
                            ],
                            "requires": [
                                "standard.core"
                            ],
                            "extension": "standard"
                        },
                        "standard.filesystem": {
                            "sources": [
                                "src/std/fs.cc"
                            ],
                            "requires": [
                                "standard.core"
                            ],
                            "extension": "standard"
                        }
                    },
                    "cxx-standard": 17,
                    "include-dirs": [
                        "include",
                        "thirdparty/wren-gc/include"
                    ]
                }
            },
            "notification-url": "https://packagist.org/downloads/",
            "license": [
                "Apache-2.0"
            ],
            "description": "C++ wrapper for Zend API",
            "keywords": [
                "ZendAPI",
                "embedded",
                "extension",
                "php"
            ],
            "support": {
                "issues": "https://github.com/swoole/phpx/issues",
                "source": "https://github.com/swoole/phpx/tree/v2.9.2"
            },
            "time": "2026-09-24T04:15:55+00:00"
        },
        {
            "name": "swoole/typephp",
            "version": "v0.9.3",
            "source": {
                "type": "git",
                "url": "https://github.com/swoole/typephp.git",
                "reference": "8b33cad5c4f9cd2be2980425f522496e9ba0bfce"
            },
            "dist": {
                "type": "zip",
                "url": "https://api.github.com/repos/swoole/typephp/zipball/8b33cad5c4f9cd2be2980425f522496e9ba0bfce",
                "reference": "8b33cad5c4f9cd2be2980425f522496e9ba0bfce",
                "shasum": ""
            },
            "require": {
                "ajaxray/ansikit": "^0.3",
                "composer-runtime-api": "^2.2",
                "league/climate": "^3.10",
                "marcj/topsort": "^2.0",
                "nikic/php-parser": "^5.6",
                "php": ">=8.4 <8.6",
                "swoole/phpx": "~2.9.2",
                "symfony/var-dumper": "^8.0",
                "symfony/yaml": "^8.0"
            },
            "require-dev": {
                "friendsofphp/php-cs-fixer": "^3.40",
                "phpstan/phpstan": "^2.2",
                "phpunit/phpunit": "^10.4",
                "swoole/php-nano": "^1.0.0"
            },
            "bin": [
                "bin/tpc",
                "bin/tpc.php"
            ],
            "type": "library",
            "autoload": {
                "psr-4": {
                    "TypePhp\\": "src"
                }
            },
            "notification-url": "https://packagist.org/downloads/",
            "license": [
                "GPL-3.0-only"
            ],
            "authors": [
                {
                    "name": "上海识沃网络科技有限公司",
                    "homepage": "https://www.swoole.com/",
                    "role": "Copyright holder"
                }
            ],
            "description": "TypePHP native AOT compiler",
            "support": {
                "issues": "https://github.com/swoole/typephp/issues",
                "source": "https://github.com/swoole/typephp/tree/v0.9.3"
            },
            "time": "2026-09-24T07:23:16+00:00"
        },
        {
            "name": "symfony/polyfill-ctype",
            "version": "v1.37.0",
            "source": {
                "type": "git",
                "url": "https://github.com/symfony/polyfill-ctype.git",
                "reference": "141046a8f9477948ff284fa65be2095baafb94f2"
            },
            "dist": {
                "type": "zip",
                "url": "https://api.github.com/repos/symfony/polyfill-ctype/zipball/141046a8f9477948ff284fa65be2095baafb94f2",
                "reference": "141046a8f9477948ff284fa65be2095baafb94f2",
                "shasum": ""
            },
            "require": {
                "php": ">=7.2"
            },
            "provide": {
                "ext-ctype": "*"
            },
            "suggest": {
                "ext-ctype": "For best performance"
            },
            "type": "library",
            "extra": {
                "thanks": {
                    "url": "https://github.com/symfony/polyfill",
                    "name": "symfony/polyfill"
                }
            },
            "autoload": {
                "files": [
                    "bootstrap.php"
                ],
                "psr-4": {
                    "Symfony\\Polyfill\\Ctype\\": ""
                }
            },
            "notification-url": "https://packagist.org/downloads/",
            "license": [
                "MIT"
            ],
            "authors": [
                {
                    "name": "Gert de Pagter",
                    "email": "BackEndTea@gmail.com"
                },
                {
                    "name": "Symfony Community",
                    "homepage": "https://symfony.com/contributors"
                }
            ],
            "description": "Symfony polyfill for ctype functions",
            "homepage": "https://symfony.com",
            "keywords": [
                "compatibility",
                "ctype",
                "polyfill",
                "portable"
            ],
            "support": {
                "source": "https://github.com/symfony/polyfill-ctype/tree/v1.37.0"
            },
            "funding": [
                {
                    "url": "https://symfony.com/sponsor",
                    "type": "custom"
                },
                {
                    "url": "https://github.com/fabpot",
                    "type": "github"
                },
                {
                    "url": "https://github.com/nicolas-grekas",
                    "type": "github"
                },
                {
                    "url": "https://tidelift.com/funding/github/packagist/symfony/symfony",
                    "type": "tidelift"
                }
            ],
            "time": "2026-04-10T16:19:22+00:00"
        },
        {
            "name": "symfony/polyfill-mbstring",
            "version": "v1.38.2",
            "source": {
                "type": "git",
                "url": "https://github.com/symfony/polyfill-mbstring.git",
                "reference": "d3d318bad5e7a1bfbd026009c8bfb8d8f99ae6b6"
            },
            "dist": {
                "type": "zip",
                "url": "https://api.github.com/repos/symfony/polyfill-mbstring/zipball/d3d318bad5e7a1bfbd026009c8bfb8d8f99ae6b6",
                "reference": "d3d318bad5e7a1bfbd026009c8bfb8d8f99ae6b6",
                "shasum": ""
            },
            "require": {
                "ext-iconv": "*",
                "php": ">=7.2"
            },
            "provide": {
                "ext-mbstring": "*"
            },
            "suggest": {
                "ext-mbstring": "For best performance"
            },
            "type": "library",
            "extra": {
                "thanks": {
                    "url": "https://github.com/symfony/polyfill",
                    "name": "symfony/polyfill"
                }
            },
            "autoload": {
                "files": [
                    "bootstrap.php"
                ],
                "psr-4": {
                    "Symfony\\Polyfill\\Mbstring\\": ""
                }
            },
            "notification-url": "https://packagist.org/downloads/",
            "license": [
                "MIT"
            ],
            "authors": [
                {
                    "name": "Nicolas Grekas",
                    "email": "p@tchwork.com"
                },
                {
                    "name": "Symfony Community",
                    "homepage": "https://symfony.com/contributors"
                }
            ],
            "description": "Symfony polyfill for the Mbstring extension",
            "homepage": "https://symfony.com",
            "keywords": [
                "compatibility",
                "mbstring",
                "polyfill",
                "portable",
                "shim"
            ],
            "support": {
                "source": "https://github.com/symfony/polyfill-mbstring/tree/v1.38.2"
            },
            "funding": [
                {
                    "url": "https://symfony.com/sponsor",
                    "type": "custom"
                },
                {
                    "url": "https://github.com/fabpot",
                    "type": "github"
                },
                {
                    "url": "https://github.com/nicolas-grekas",
                    "type": "github"
                },
                {
                    "url": "https://tidelift.com/funding/github/packagist/symfony/symfony",
                    "type": "tidelift"
                }
            ],
            "time": "2026-05-27T06:59:30+00:00"
        },
        {
            "name": "symfony/var-dumper",
            "version": "v8.1.7",
            "source": {
                "type": "git",
                "url": "https://github.com/symfony/var-dumper.git",
                "reference": "741a8c4c948b0bb9bd3653daacd3644c73c40ea5"
            },
            "dist": {
                "type": "zip",
                "url": "https://api.github.com/repos/symfony/var-dumper/zipball/741a8c4c948b0bb9bd3653daacd3644c73c40ea5",
                "reference": "741a8c4c948b0bb9bd3653daacd3644c73c40ea5",
                "shasum": ""
            },
            "require": {
                "php": ">=8.4.1",
                "symfony/polyfill-mbstring": "^1.0"
            },
            "conflict": {
                "symfony/console": "<7.4",
                "symfony/error-handler": "<7.4"
            },
            "require-dev": {
                "symfony/console": "^7.4|^8.0",
                "symfony/http-kernel": "^7.4|^8.0",
                "symfony/process": "^7.4|^8.0",
                "symfony/uid": "^7.4|^8.0",
                "twig/twig": "^3.12|^4.0"
            },
            "bin": [
                "Resources/bin/var-dump-server"
            ],
            "type": "library",
            "autoload": {
                "files": [
                    "Resources/functions/dump.php"
                ],
                "psr-4": {
                    "Symfony\\Component\\VarDumper\\": ""
                },
                "exclude-from-classmap": [
                    "/Tests/"
                ]
            },
            "notification-url": "https://packagist.org/downloads/",
            "license": [
                "MIT"
            ],
            "authors": [
                {
                    "name": "Nicolas Grekas",
                    "email": "p@tchwork.com"
                },
                {
                    "name": "Symfony Community",
                    "homepage": "https://symfony.com/contributors"
                }
            ],
            "description": "Provides mechanisms for walking through any arbitrary PHP variable",
            "homepage": "https://symfony.com",
            "keywords": [
                "debug",
                "dump"
            ],
            "support": {
                "source": "https://github.com/symfony/var-dumper/tree/v8.1.7"
            },
            "funding": [
                {
                    "url": "https://symfony.com/sponsor",
                    "type": "custom"
                },
                {
                    "url": "https://github.com/fabpot",
                    "type": "github"
                },
                {
                    "url": "https://github.com/nicolas-grekas",
                    "type": "github"
                },
                {
                    "url": "https://tidelift.com/funding/github/packagist/symfony/symfony",
                    "type": "tidelift"
                }
            ],
            "time": "2026-09-03T16:02:27+00:00"
        },
        {
            "name": "symfony/yaml",
            "version": "v8.1.6",
            "source": {
                "type": "git",
                "url": "https://github.com/symfony/yaml.git",
                "reference": "0b4aa53a67f9fece88c665f1a1dadcfd25d93fe5"
            },
            "dist": {
                "type": "zip",
                "url": "https://api.github.com/repos/symfony/yaml/zipball/0b4aa53a67f9fece88c665f1a1dadcfd25d93fe5",
                "reference": "0b4aa53a67f9fece88c665f1a1dadcfd25d93fe5",
                "shasum": ""
            },
            "require": {
                "php": ">=8.4.1",
                "symfony/polyfill-ctype": "^1.8"
            },
            "conflict": {
                "symfony/console": "<7.4"
            },
            "require-dev": {
                "symfony/console": "^7.4|^8.0",
                "yaml/yaml-test-suite": "*"
            },
            "bin": [
                "Resources/bin/yaml-lint"
            ],
            "type": "library",
            "autoload": {
                "psr-4": {
                    "Symfony\\Component\\Yaml\\": ""
                },
                "exclude-from-classmap": [
                    "/Tests/"
                ]
            },
            "notification-url": "https://packagist.org/downloads/",
            "license": [
                "MIT"
            ],
            "authors": [
                {
                    "name": "Fabien Potencier",
                    "email": "fabien@symfony.com"
                },
                {
                    "name": "Symfony Community",
                    "homepage": "https://symfony.com/contributors"
                }
            ],
            "description": "Loads and dumps YAML files",
            "homepage": "https://symfony.com",
            "support": {
                "source": "https://github.com/symfony/yaml/tree/v8.1.6"
            },
            "funding": [
                {
                    "url": "https://symfony.com/sponsor",
                    "type": "custom"
                },
                {
                    "url": "https://github.com/fabpot",
                    "type": "github"
                },
                {
                    "url": "https://github.com/nicolas-grekas",
                    "type": "github"
                },
                {
                    "url": "https://tidelift.com/funding/github/packagist/symfony/symfony",
                    "type": "tidelift"
                }
            ],
            "time": "2026-08-30T01:03:44+00:00"
        }
    ],
    "aliases": [],
    "minimum-stability": "stable",
    "stability-flags": {},
    "prefer-stable": false,
    "prefer-lowest": false,
    "platform": {},
    "platform-dev": {},
    "plugin-api-version": "2.9.0"
}
